// !$*UTF8*$!
{
	archiveVersion = 1;
	classes = {
	};
	objectVersion = 51;
	objects = {

/* Begin PBXBuildFile section */
		A7174FF4267A7A0000F04833 /* AppDelegate.swift in Sources */ = {isa = PBXBuildFile; fileRef = A7174FF3267A7A0000F04833 /* AppDelegate.swift */; };
		A7174FF6267A7A0000F04833 /* SceneDelegate.swift in Sources */ = {isa = PBXBuildFile; fileRef = A7174FF5267A7A0000F04833 /* SceneDelegate.swift */; };
		A7174FF8267A7A0000F04833 /* MovieViewController.swift in Sources */ = {isa = PBXBuildFile; fileRef = A7174FF7267A7A0000F04833 /* MovieViewController.swift */; };
		A7174FFD267A7A0400F04833 /* Assets.xcassets in Resources */ = {isa = PBXBuildFile; fileRef = A7174FFC267A7A0400F04833 /* Assets.xcassets */; };
		A7175000267A7A0400F04833 /* LaunchScreen.storyboard in Resources */ = {isa = PBXBuildFile; fileRef = A7174FFE267A7A0400F04833 /* LaunchScreen.storyboard */; };
		A7175008267A7AE000F04833 /* ViewMovie.swift in Sources */ = {isa = PBXBuildFile; fileRef = A7175007267A7AE000F04833 /* ViewMovie.swift */; };
		A717500C267A864F00F04833 /* Model.swift in Sources */ = {isa = PBXBuildFile; fileRef = A717500B267A864F00F04833 /* Model.swift */; };
		A717500E267A865C00F04833 /* Service.swift in Sources */ = {isa = PBXBuildFile; fileRef = A717500D267A865C00F04833 /* Service.swift */; };
		A7175010267B5B5300F04833 /* CollectionViewCell.swift in Sources */ = {isa = PBXBuildFile; fileRef = A717500F267B5B5300F04833 /* CollectionViewCell.swift */; };
		A7175013267B5D4900F04833 /* DownloadPhoto.swift in Sources */ = {isa = PBXBuildFile; fileRef = A7175012267B5D4800F04833 /* DownloadPhoto.swift */; };
		A7175015267B6A8400F04833 /* InfoViewController.swift in Sources */ = {isa = PBXBuildFile; fileRef = A7175014267B6A8300F04833 /* InfoViewController.swift */; };
		A7175017267B6AA000F04833 /* InfoView.swift in Sources */ = {isa = PBXBuildFile; fileRef = A7175016267B6AA000F04833 /* InfoView.swift */; };
		D843220934E43E1E60073606 /* Pods_TopMovie.framework in Frameworks */ = {isa = PBXBuildFile; fileRef = F7E96D10F1023E51DE57E68F /* Pods_TopMovie.framework */; };
/* End PBXBuildFile section */

/* Begin PBXFileReference section */
		24412DE6B958A10E89DCEF3D /* Pods-TopMovie.release.xcconfig */ = {isa = PBXFileReference; includeInIndex = 1; lastKnownFileType = text.xcconfig; name = "Pods-TopMovie.release.xcconfig"; path = "Target Support Files/Pods-TopMovie/Pods-TopMovie.release.xcconfig"; sourceTree = "<group>"; };
		2DCB31CFC810631696754692 /* Pods-TopMovie.debug.xcconfig */ = {isa = PBXFileReference; includeInIndex = 1; lastKnownFileType = text.xcconfig; name = "Pods-TopMovie.debug.xcconfig"; path = "Target Support Files/Pods-TopMovie/Pods-TopMovie.debug.xcconfig"; sourceTree = "<group>"; };
		A7174FF0267A7A0000F04833 /* TopMovie.app */ = {isa = PBXFileReference; explicitFileType = wrapper.application; includeInIndex = 0; path = TopMovie.app; sourceTree = BUILT_PRODUCTS_DIR; };
		A7174FF3267A7A0000F04833 /* AppDelegate.swift */ = {isa = PBXFileReference; lastKnownFileType = sourcecode.swift; path = AppDelegate.swift; sourceTree = "<group>"; };
		A7174FF5267A7A0000F04833 /* SceneDelegate.swift */ = {isa = PBXFileReference; lastKnownFileType = sourcecode.swift; path = SceneDelegate.swift; sourceTree = "<group>"; };
		A7174FF7267A7A0000F04833 /* MovieViewController.swift */ = {isa = PBXFileReference; lastKnownFileType = sourcecode.swift; path = MovieViewController.swift; sourceTree = "<group>"; };
		A7174FFC267A7A0400F04833 /* Assets.xcassets */ = {isa = PBXFileReference; lastKnownFileType = folder.assetcatalog; path = Assets.xcassets; sourceTree = "<group>"; };
		A7174FFF267A7A0400F04833 /* Base */ = {isa = PBXFileReference; lastKnownFileType = file.storyboard; name = Base; path = Base.lproj/LaunchScreen.storyboard; sourceTree = "<group>"; };
		A7175001267A7A0400F04833 /* Info.plist */ = {isa = PBXFileReference; lastKnownFileType = text.plist.xml; path = Info.plist; sourceTree = "<group>"; };
		A7175007267A7AE000F04833 /* ViewMovie.swift */ = {isa = PBXFileReference; lastKnownFileType = sourcecode.swift; path = ViewMovie.swift; sourceTree = "<group>"; };
		A717500B267A864F00F04833 /* Model.swift */ = {isa = PBXFileReference; lastKnownFileType = sourcecode.swift; path = Model.swift; sourceTree = "<group>"; };
		A717500D267A865C00F04833 /* Service.swift */ = {isa = PBXFileReference; lastKnownFileType = sourcecode.swift; path = Service.swift; sourceTree = "<group>"; };
		A717500F267B5B5300F04833 /* CollectionViewCell.swift */ = {isa = PBXFileReference; lastKnownFileType = sourcecode.swift; path = CollectionViewCell.swift; sourceTree = "<group>"; };
		A7175012267B5D4800F04833 /* DownloadPhoto.swift */ = {isa = PBXFileReference; lastKnownFileType = sourcecode.swift; path = DownloadPhoto.swift; sourceTree = "<group>"; };
		A7175014267B6A8300F04833 /* InfoViewController.swift */ = {isa = PBXFileReference; lastKnownFileType = sourcecode.swift; path = InfoViewController.swift; sourceTree = "<group>"; };
		A7175016267B6AA000F04833 /* InfoView.swift */ = {isa = PBXFileReference; lastKnownFileType = sourcecode.swift; path = InfoView.swift; sourceTree = "<group>"; };
		F7E96D10F1023E51DE57E68F /* Pods_TopMovie.framework */ = {isa = PBXFileReference; explicitFileType = wrapper.framework; includeInIndex = 0; path = Pods_TopMovie.framework; sourceTree = BUILT_PRODUCTS_DIR; };
/* End PBXFileReference section */

/* Begin PBXFrameworksBuildPhase section */
		A7174FED267A7A0000F04833 /* Frameworks */ = {
			isa = PBXFrameworksBuildPhase;
			buildActionMask = 2147483647;
			files = (
				D843220934E43E1E60073606 /* Pods_TopMovie.framework in Frameworks */,
			);
			runOnlyForDeploymentPostprocessing = 0;
		};
/* End PBXFrameworksBuildPhase section */

/* Begin PBXGroup section */
		9AC65DA7CC690D67520C0B87 /* Pods */ = {
			isa = PBXGroup;
			children = (
				2DCB31CFC810631696754692 /* Pods-TopMovie.debug.xcconfig */,
				24412DE6B958A10E89DCEF3D /* Pods-TopMovie.release.xcconfig */,
			);
			path = Pods;
			sourceTree = "<group>";
		};
		A7174FE7267A7A0000F04833 = {
			isa = PBXGroup;
			children = (
				A7174FF2267A7A0000F04833 /* TopMovie */,
				A7174FF1267A7A0000F04833 /* Products */,
				9AC65DA7CC690D67520C0B87 /* Pods */,
				CEC63017F72168D49CC1C636 /* Frameworks */,
			);
			sourceTree = "<group>";
		};
		A7174FF1267A7A0000F04833 /* Products */ = {
			isa = PBXGroup;
			children = (
				A7174FF0267A7A0000F04833 /* TopMovie.app */,
			);
			name = Products;
			sourceTree = "<group>";
		};
		A7174FF2267A7A0000F04833 /* TopMovie */ = {
			isa = PBXGroup;
			children = (
				A7174FF3267A7A0000F04833 /* AppDelegate.swift */,
				A7174FF5267A7A0000F04833 /* SceneDelegate.swift */,
				A7175007267A7AE000F04833 /* ViewMovie.swift */,
				A7174FF7267A7A0000F04833 /* MovieViewController.swift */,
				A7175016267B6AA000F04833 /* InfoView.swift */,
				A7175014267B6A8300F04833 /* InfoViewController.swift */,
				A717500F267B5B5300F04833 /* CollectionViewCell.swift */,
				A7175011267B5D2F00F04833 /* Extension */,
				A717500B267A864F00F04833 /* Model.swift */,
				A717500D267A865C00F04833 /* Service.swift */,
				A7174FFC267A7A0400F04833 /* Assets.xcassets */,
				A7174FFE267A7A0400F04833 /* LaunchScreen.storyboard */,
				A7175001267A7A0400F04833 /* Info.plist */,
			);
			path = TopMovie;
			sourceTree = "<group>";
		};
		A7175011267B5D2F00F04833 /* Extension */ = {
			isa = PBXGroup;
			children = (
				A7175012267B5D4800F04833 /* DownloadPhoto.swift */,
			);
			path = Extension;
			sourceTree = "<group>";
		};
		CEC63017F72168D49CC1C636 /* Frameworks */ = {
			isa = PBXGroup;
			children = (
				F7E96D10F1023E51DE57E68F /* Pods_TopMovie.framework */,
			);
			name = Frameworks;
			sourceTree = "<group>";
		};
/* End PBXGroup section */

/* Begin PBXNativeTarget section */
		A7174FEF267A7A0000F04833 /* TopMovie */ = {
			isa = PBXNativeTarget;
			buildConfigurationList = A7175004267A7A0400F04833 /* Build configuration list for PBXNativeTarget "TopMovie" */;
			buildPhases = (
				067EB93B8FBDD182439F2884 /* [CP] Check Pods Manifest.lock */,
				A7174FEC267A7A0000F04833 /* Sources */,
				A7174FED267A7A0000F04833 /* Frameworks */,
				A7174FEE267A7A0000F04833 /* Resources */,
				7A226C2F877614166B135E13 /* [CP] Embed Pods Frameworks */,
			);
			buildRules = (
			);
			dependencies = (
			);
			name = TopMovie;
			productName = TopMovie;
			productReference = A7174FF0267A7A0000F04833 /* TopMovie.app */;
			productType = "com.apple.product-type.application";
		};
/* End PBXNativeTarget section */

/* Begin PBXProject section */
		A7174FE8267A7A0000F04833 /* Project object */ = {
			isa = PBXProject;
			attributes = {
				LastSwiftUpdateCheck = 1250;
				LastUpgradeCheck = 1250;
				TargetAttributes = {
					A7174FEF267A7A0000F04833 = {
						CreatedOnToolsVersion = 12.5;
					};
				};
			};
			buildConfigurationList = A7174FEB267A7A0000F04833 /* Build configuration list for PBXProject "TopMovie" */;
			compatibilityVersion = "Xcode 9.3";
			developmentRegion = en;
			hasScannedForEncodings = 0;
			knownRegions = (
				en,
				Base,
			);
			mainGroup = A7174FE7267A7A0000F04833;
			productRefGroup = A7174FF1267A7A0000F04833 /* Products */;
			projectDirPath = "";
			projectRoot = "";
			targets = (
				A7174FEF267A7A0000F04833 /* TopMovie */,
			);
		};
/* End PBXProject section */

/* Begin PBXResourcesBuildPhase section */
		A7174FEE267A7A0000F04833 /* Resources */ = {
			isa = PBXResourcesBuildPhase;
			buildActionMask = 2147483647;
			files = (
				A7175000267A7A0400F04833 /* LaunchScreen.storyboard in Resources */,
				A7174FFD267A7A0400F04833 /* Assets.xcassets in Resources */,
			);
			runOnlyForDeploymentPostprocessing = 0;
		};
/* End PBXResourcesBuildPhase section */

/* Begin PBXShellScriptBuildPhase section */
		067EB93B8FBDD182439F2884 /* [CP] Check Pods Manifest.lock */ = {
			isa = PBXShellScriptBuildPhase;
			buildActionMask = 2147483647;
			files = (
			);
			inputFileListPaths = (
			);
			inputPaths = (
				"${PODS_PODFILE_DIR_PATH}/Podfile.lock",
				"${PODS_ROOT}/Manifest.lock",
			);
			name = "[CP] Check Pods Manifest.lock";
			outputFileListPaths = (
			);
			outputPaths = (
				"$(DERIVED_FILE_DIR)/Pods-TopMovie-checkManifestLockResult.txt",
			);
			runOnlyForDeploymentPostprocessing = 0;
			shellPath = /bin/sh;
			shellScript = "diff \"${PODS_PODFILE_DIR_PATH}/Podfile.lock\" \"${PODS_ROOT}/Manifest.lock\" > /dev/null\nif [ $? != 0 ] ; then\n    # print error to STDERR\n    echo \"error: The sandbox is not in sync with the Podfile.lock. Run 'pod install' or update your CocoaPods installation.\" >&2\n    exit 1\nfi\n# This output is used by Xcode 'outputs' to avoid re-running this script phase.\necho \"SUCCESS\" > \"${SCRIPT_OUTPUT_FILE_0}\"\n";
			showEnvVarsInLog = 0;
		};
		7A226C2F877614166B135E13 /* [CP] Embed Pods Frameworks */ = {
			isa = PBXShellScriptBuildPhase;
			buildActionMask = 2147483647;
			files = (
			);
			inputFileListPaths = (
				"${PODS_ROOT}/Target Support Files/Pods-TopMovie/Pods-TopMovie-frameworks-${CONFIGURATION}-input-files.xcfilelist",
			);
			name = "[CP] Embed Pods Frameworks";
			outputFileListPaths = (
				"${PODS_ROOT}/Target Support Files/Pods-TopMovie/Pods-TopMovie-frameworks-${CONFIGURATION}-output-files.xcfilelist",
			);
			runOnlyForDeploymentPostprocessing = 0;
			shellPath = /bin/sh;
			shellScript = "\"${PODS_ROOT}/Target Support Files/Pods-TopMovie/Pods-TopMovie-frameworks.sh\"\n";
			showEnvVarsInLog = 0;
		};
/* End PBXShellScriptBuildPhase section */

/* Begin PBXSourcesBuildPhase section */
		A7174FEC267A7A0000F04833 /* Sources */ = {
			isa = PBXSourcesBuildPhase;
			buildActionMask = 2147483647;
			files = (
				A7175013267B5D4900F04833 /* DownloadPhoto.swift in Sources */,
				A717500C267A864F00F04833 /* Model.swift in Sources */,
				A7174FF8267A7A0000F04833 /* MovieViewController.swift in Sources */,
				A7175008267A7AE000F04833 /* ViewMovie.swift in Sources */,
				A7175015267B6A8400F04833 /* InfoViewController.swift in Sources */,
				A7175010267B5B5300F04833 /* CollectionViewCell.swift in Sources */,
				A7174FF4267A7A0000F04833 /* AppDelegate.swift in Sources */,
				A7174FF6267A7A0000F04833 /* SceneDelegate.swift in Sources */,
				A7175017267B6AA000F04833 /* InfoView.swift in Sources */,
				A717500E267A865C00F04833 /* Service.swift in Sources */,
			);
			runOnlyForDeploymentPostprocessing = 0;
		};
/* End PBXSourcesBuildPhase section */

/* Begin PBXVariantGroup section */
		A7174FFE267A7A0400F04833 /* LaunchScreen.storyboard */ = {
			isa = PBXVariantGroup;
			children = (
				A7174FFF267A7A0400F04833 /* Base */,
			);
			name = LaunchScreen.storyboard;
			sourceTree = "<group>";
		};
/* End PBXVariantGroup section */

/* Begin XCBuildConfiguration section */
		A7175002267A7A0400F04833 /* Debug */ = {
			isa = XCBuildConfiguration;
			buildSettings = {
				ALWAYS_SEARCH_USER_PATHS = NO;
				CLANG_ANALYZER_NONNULL = YES;
				CLANG_ANALYZER_NUMBER_OBJECT_CONVERSION = YES_AGGRESSIVE;
				CLANG_CXX_LANGUAGE_STANDARD = "gnu++14";
				CLANG_CXX_LIBRARY = "libc++";
				CLANG_ENABLE_MODULES = YES;
				CLANG_ENABLE_OBJC_ARC = YES;
				CLANG_ENABLE_OBJC_WEAK = YES;
				CLANG_WARN_BLOCK_CAPTURE_AUTORELEASING = YES;
				CLANG_WARN_BOOL_CONVERSION = YES;
				CLANG_WARN_COMMA = YES;
				CLANG_WARN_CONSTANT_CONVERSION = YES;
				CLANG_WARN_DEPRECATED_OBJC_IMPLEMENTATIONS = YES;
				CLANG_WARN_DIRECT_OBJC_ISA_USAGE = YES_ERROR;
				CLANG_WARN_DOCUMENTATION_COMMENTS = YES;
				CLANG_WARN_EMPTY_BODY = YES;
				CLANG_WARN_ENUM_CONVERSION = YES;
				CLANG_WARN_INFINITE_RECURSION = YES;
				CLANG_WARN_INT_CONVERSION = YES;
				CLANG_WARN_NON_LITERAL_NULL_CONVERSION = YES;
				CLANG_WARN_OBJC_IMPLICIT_RETAIN_SELF = YES;
				CLANG_WARN_OBJC_LITERAL_CONVERSION = YES;
				CLANG_WARN_OBJC_ROOT_CLASS = YES_ERROR;
				CLANG_WARN_QUOTED_INCLUDE_IN_FRAMEWORK_HEADER = YES;
				CLANG_WARN_RANGE_LOOP_ANALYSIS = YES;
				CLANG_WARN_STRICT_PROTOTYPES = YES;
				CLANG_WARN_SUSPICIOUS_MOVE = YES;
				CLANG_WARN_UNGUARDED_AVAILABILITY = YES_AGGRESSIVE;
				CLANG_WARN_UNREACHABLE_CODE = YES;
				CLANG_WARN__DUPLICATE_METHOD_MATCH = YES;
				COPY_PHASE_STRIP = NO;
				DEBUG_INFORMATION_FORMAT = dwarf;
				ENABLE_STRICT_OBJC_MSGSEND = YES;
				ENABLE_TESTABILITY = YES;
				GCC_C_LANGUAGE_STANDARD = gnu11;
				GCC_DYNAMIC_NO_PIC = NO;
				GCC_NO_COMMON_BLOCKS = YES;
				GCC_OPTIMIZATION_LEVEL = 0;
				GCC_PREPROCESSOR_DEFINITIONS = (
					"DEBUG=1",
					"$(inherited)",
				);
				GCC_WARN_64_TO_32_BIT_CONVERSION = YES;
				GCC_WARN_ABOUT_RETURN_TYPE = YES_ERROR;
				GCC_WARN_UNDECLARED_SELECTOR = YES;
				GCC_WARN_UNINITIALIZED_AUTOS = YES_AGGRESSIVE;
				GCC_WARN_UNUSED_FUNCTION = YES;
				GCC_WARN_UNUSED_VARIABLE = YES;
				IPHONEOS_DEPLOYMENT_TARGET = 14.5;
				MTL_ENABLE_DEBUG_INFO = INCLUDE_SOURCE;
				MTL_FAST_MATH = YES;
				ONLY_ACTIVE_ARCH = YES;
				SDKROOT = iphoneos;
				SWIFT_ACTIVE_COMPILATION_CONDITIONS = DEBUG;
				SWIFT_OPTIMIZATION_LEVEL = "-Onone";
			};
			name = Debug;
		};
		A7175003267A7A0400F04833 /* Release */ = {
			isa = XCBuildConfiguration;
			buildSettings = {
				ALWAYS_SEARCH_USER_PATHS = NO;
				CLANG_ANALYZER_NONNULL = YES;
				CLANG_ANALYZER_NUMBER_OBJECT_CONVERSION = YES_AGGRESSIVE;
				CLANG_CXX_LANGUAGE_STANDARD = "gnu++14";
				CLANG_CXX_LIBRARY = "libc++";
				CLANG_ENABLE_MODULES = YES;
				CLANG_ENABLE_OBJC_ARC = YES;
				CLANG_ENABLE_OBJC_WEAK = YES;
				CLANG_WARN_BLOCK_CAPTURE_AUTORELEASING = YES;
				CLANG_WARN_BOOL_CONVERSION = YES;
				CLANG_WARN_COMMA = YES;
				CLANG_WARN_CONSTANT_CONVERSION = YES;
				CLANG_WARN_DEPRECATED_OBJC_IMPLEMENTATIONS = YES;
				CLANG_WARN_DIRECT_OBJC_ISA_USAGE = YES_ERROR;
				CLANG_WARN_DOCUMENTATION_COMMENTS = YES;
				CLANG_WARN_EMPTY_BODY = YES;
				CLANG_WARN_ENUM_CONVERSION = YES;
				CLANG_WARN_INFINITE_RECURSION = YES;
				CLANG_WARN_INT_CONVERSION = YES;
				CLANG_WARN_NON_LITERAL_NULL_CONVERSION = YES;
				CLANG_WARN_OBJC_IMPLICIT_RETAIN_SELF = YES;
				CLANG_WARN_OBJC_LITERAL_CONVERSION = YES;
				CLANG_WARN_OBJC_ROOT_CLASS = YES_ERROR;
				CLANG_WARN_QUOTED_INCLUDE_IN_FRAMEWORK_HEADER = YES;
				CLANG_WARN_RANGE_LOOP_ANALYSIS = YES;
				CLANG_WARN_STRICT_PROTOTYPES = YES;
				CLANG_WARN_SUSPICIOUS_MOVE = YES;
				CLANG_WARN_UNGUARDED_AVAILABILITY = YES_AGGRESSIVE;
				CLANG_WARN_UNREACHABLE_CODE = YES;
				CLANG_WARN__DUPLICATE_METHOD_MATCH = YES;
				COPY_PHASE_STRIP = NO;
				DEBUG_INFORMATION_FORMAT = "dwarf-with-dsym";
				ENABLE_NS_ASSERTIONS = NO;
				ENABLE_STRICT_OBJC_MSGSEND = YES;
				GCC_C_LANGUAGE_STANDARD = gnu11;
				GCC_NO_COMMON_BLOCKS = YES;
				GCC_WARN_64_TO_32_BIT_CONVERSION = YES;
				GCC_WARN_ABOUT_RETURN_TYPE = YES_ERROR;
				GCC_WARN_UNDECLARED_SELECTOR = YES;
				GCC_WARN_UNINITIALIZED_AUTOS = YES_AGGRESSIVE;
				GCC_WARN_UNUSED_FUNCTION = YES;
				GCC_WARN_UNUSED_VARIABLE = YES;
				IPHONEOS_DEPLOYMENT_TARGET = 14.5;
				MTL_ENABLE_DEBUG_INFO = NO;
				MTL_FAST_MATH = YES;
				SDKROOT = iphoneos;
				SWIFT_COMPILATION_MODE = wholemodule;
				SWIFT_OPTIMIZATION_LEVEL = "-O";
				VALIDATE_PRODUCT = YES;
			};
			name = Release;
		};
		A7175005267A7A0400F04833 /* Debug */ = {
			isa = XCBuildConfiguration;
			baseConfigurationReference = 2DCB31CFC810631696754692 /* Pods-TopMovie.debug.xcconfig */;
			buildSettings = {
				ASSETCATALOG_COMPILER_APPICON_NAME = AppIcon;
				ASSETCATALOG_COMPILER_GLOBAL_ACCENT_COLOR_NAME = AccentColor;
				CODE_SIGN_STYLE = Automatic;
				DEVELOPMENT_TEAM = C93ZPTG8SN;
				INFOPLIST_FILE = TopMovie/Info.plist;
				LD_RUNPATH_SEARCH_PATHS = (
					"$(inherited)",
					"@executable_path/Frameworks",
				);
				PRODUCT_BUNDLE_IDENTIFIER = com.TopMovie.ios;
				PRODUCT_NAME = "$(TARGET_NAME)";
				SWIFT_VERSION = 5.0;
				TARGETED_DEVICE_FAMILY = 1;
			};
			name = Debug;
		};
		A7175006267A7A0400F04833 /* Release */ = {
			isa = XCBuildConfiguration;
			baseConfigurationReference = 24412DE6B958A10E89DCEF3D /* Pods-TopMovie.release.xcconfig */;
			buildSettings = {
				ASSETCATALOG_COMPILER_APPICON_NAME = AppIcon;
				ASSETCATALOG_COMPILER_GLOBAL_ACCENT_COLOR_NAME = AccentColor;
				CODE_SIGN_STYLE = Automatic;
				DEVELOPMENT_TEAM = C93ZPTG8SN;
				INFOPLIST_FILE = TopMovie/Info.plist;
				LD_RUNPATH_SEARCH_PATHS = (
					"$(inherited)",
					"@executable_path/Frameworks",
				);
				PRODUCT_BUNDLE_IDENTIFIER = com.TopMovie.ios;
				PRODUCT_NAME = "$(TARGET_NAME)";
				SWIFT_VERSION = 5.0;
				TARGETED_DEVICE_FAMILY = 1;
			};
			name = Release;
		};
/* End XCBuildConfiguration section */

/* Begin XCConfigurationList section */
		A7174FEB267A7A0000F04833 /* Build configuration list for PBXProject "TopMovie" */ = {
			isa = XCConfigurationList;
			buildConfigurations = (
				A7175002267A7A0400F04833 /* Debug */,
				A7175003267A7A0400F04833 /* Release */,
			);
			defaultConfigurationIsVisible = 0;
			defaultConfigurationName = Release;
		};
		A7175004267A7A0400F04833 /* Build configuration list for PBXNativeTarget "TopMovie" */ = {
			isa = XCConfigurationList;
			buildConfigurations = (
				A7175005267A7A0400F04833 /* Debug */,
				A7175006267A7A0400F04833 /* Release */,
			);
			defaultConfigurationIsVisible = 0;
			defaultConfigurationName = Release;
		};
/* End XCConfigurationList section */
	};
	rootObject = A7174FE8267A7A0000F04833 /* Project object */;
}
